
Microsoft Visual Studio Solution File, Format Version 12.00
# Visual Studio Version 17
VisualStudioVersion = 17.6.33801.468
MinimumVisualStudioVersion = 10.0.40219.1
Project("{9A19103F-16F7-4668-BE54-9A1E7A4F7556}") = "APISqlite", "APISqlite\APISqlite.csproj", "{8B251CEE-DE1A-483A-9662-EC81599E92FA}"
EndProject
Project("{FAE04EC0-301F-11D3-BF4B-00C04F79EFBC}") = "PorductMvc", "PorductMvc\PorductMvc.csproj", "{B7FBE455-1796-412B-B262-8B21CAF0CFFF}"
EndProject
Global
	GlobalSection(SolutionConfigurationPlatforms) = preSolution
		Debug|Any CPU = Debug|Any CPU
		Release|Any CPU = Release|Any CPU
	EndGlobalSection
	GlobalSection(ProjectConfigurationPlatforms) = postSolution
		{8B251CEE-DE1A-483A-9662-EC81599E92FA}.Debug|Any CPU.ActiveCfg = Debug|Any CPU
		{8B251CEE-DE1A-483A-9662-EC81599E92FA}.Debug|Any CPU.Build.0 = Debug|Any CPU
		{8B251CEE-DE1A-483A-9662-EC81599E92FA}.Release|Any CPU.ActiveCfg = Release|Any CPU
		{8B251CEE-DE1A-483A-9662-EC81599E92FA}.Release|Any CPU.Build.0 = Release|Any CPU
		{B7FBE455-1796-412B-B262-8B21CAF0CFFF}.Debug|Any CPU.ActiveCfg = Debug|Any CPU
		{B7FBE455-1796-412B-B262-8B21CAF0CFFF}.Debug|Any CPU.Build.0 = Debug|Any CPU
		{B7FBE455-1796-412B-B262-8B21CAF0CFFF}.Release|Any CPU.ActiveCfg = Release|Any CPU
		{B7FBE455-1796-412B-B262-8B21CAF0CFFF}.Release|Any CPU.Build.0 = Release|Any CPU
	EndGlobalSection
	GlobalSection(SolutionProperties) = preSolution
		HideSolutionNode = FALSE
	EndGlobalSection
	GlobalSection(ExtensibilityGlobals) = postSolution
		SolutionGuid = {5C159BBD-9E57-4C75-945C-ACACE4ABB00B}
	EndGlobalSection
EndGlobal
